
Microsoft Visual Studio Solution File, Format Version 12.00
# Visual Studio Version 16
VisualStudioVersion = 16.0.29806.167
MinimumVisualStudioVersion = 10.0.40219.1
Project("{9A19103F-16F7-4668-BE54-9A1E7A4F7556}") = "Better.Web.WeChat", "Better.Web.WeChat\Better.Web.WeChat.csproj", "{E99768E1-A18B-4443-9FB2-B31F5CE97E1C}"
EndProject
Project("{FAE04EC0-301F-11D3-BF4B-00C04F79EFBC}") = "Better.Application", "Better.Application\Better.Application.csproj", "{5B5768D0-5337-40F2-8D89-D300DF62B70E}"
EndProject
Global
	GlobalSection(SolutionConfigurationPlatforms) = preSolution
		Debug|Any CPU = Debug|Any CPU
		Release|Any CPU = Release|Any CPU
	EndGlobalSection
	GlobalSection(ProjectConfigurationPlatforms) = postSolution
		{E99768E1-A18B-4443-9FB2-B31F5CE97E1C}.Debug|Any CPU.ActiveCfg = Debug|Any CPU
		{E99768E1-A18B-4443-9FB2-B31F5CE97E1C}.Debug|Any CPU.Build.0 = Debug|Any CPU
		{E99768E1-A18B-4443-9FB2-B31F5CE97E1C}.Release|Any CPU.ActiveCfg = Release|Any CPU
		{E99768E1-A18B-4443-9FB2-B31F5CE97E1C}.Release|Any CPU.Build.0 = Release|Any CPU
		{5B5768D0-5337-40F2-8D89-D300DF62B70E}.Debug|Any CPU.ActiveCfg = Debug|Any CPU
		{5B5768D0-5337-40F2-8D89-D300DF62B70E}.Debug|Any CPU.Build.0 = Debug|Any CPU
		{5B5768D0-5337-40F2-8D89-D300DF62B70E}.Release|Any CPU.ActiveCfg = Release|Any CPU
		{5B5768D0-5337-40F2-8D89-D300DF62B70E}.Release|Any CPU.Build.0 = Release|Any CPU
	EndGlobalSection
	GlobalSection(SolutionProperties) = preSolution
		HideSolutionNode = FALSE
	EndGlobalSection
	GlobalSection(ExtensibilityGlobals) = postSolution
		SolutionGuid = {C56EF364-FE75-4394-B0FC-B508BEFDA3B3}
	EndGlobalSection
EndGlobal
